{
    "version": 3,
    "terraform_version": "0.7.1",
    "serial": 3,
    "lineage": "06f2c520-c7ed-4848-b839-75ea4b963ac4",
    "modules": [
        {
            "path": [
                "root"
            ],
            "outputs": {},
            "resources": {
                "aws_instance.test": {
                    "type": "aws_instance",
                    "depends_on": [],
                    "primary": {
                        "id": "i-0ab73f17aee1ec06f",
                        "attributes": {
                            "ami": "ami-20be7540",
                            "availability_zone": "us-west-2a",
                            "disable_api_termination": "false",
                            "ebs_block_device.#": "0",
                            "ebs_optimized": "false",
                            "ephemeral_block_device.#": "0",
                            "iam_instance_profile": "",
                            "id": "i-0ab73f17aee1ec06f",
                            "instance_state": "running",
                            "instance_type": "t2.micro",
                            "key_name": "",
                            "monitoring": "false",
                            "network_interface_id": "eni-9db0fde1",
                            "private_dns": "ip-172-31-25-68.us-west-2.compute.internal",
                            "private_ip": "172.31.25.68",
                            "public_dns": "ec2-50-112-202-171.us-west-2.compute.amazonaws.com",
                            "public_ip": "50.112.202.171",
                            "root_block_device.#": "1",
                            "root_block_device.0.delete_on_termination": "true",
                            "root_block_device.0.iops": "0",
                            "root_block_device.0.volume_size": "8",
                            "root_block_device.0.volume_type": "standard",
                            "security_groups.#": "0",
                            "source_dest_check": "true",
                            "subnet_id": "subnet-d17922b5",
                            "tags.%": "0",
                            "tenancy": "default",
                            "vpc_security_group_ids.#": "1",
                            "vpc_security_group_ids.4073122495": "sg-00a9b966"
                        },
                        "meta": {
                            "schema_version": "1"
                        },
                        "tainted": false
                    },
                    "deposed": [],
                    "provider": ""
                }
            },
            "depends_on": []
        }
    ]
}
