{
    "version": 3,
    "terraform_version": "0.7.1",
    "serial": 8,
    "lineage": "06f2c520-c7ed-4848-b839-75ea4b963ac4",
    "modules": [
        {
            "path": [
                "root"
            ],
            "outputs": {
                "aws_eip": {
                    "sensitive": false,
                    "type": "string",
                    "value": "52.44.86.100"
                },
                "nat_eip": {
                    "sensitive": false,
                    "type": "string",
                    "value": "52.44.87.59"
                }
            },
            "resources": {
                "aws_eip.bastion": {
                    "type": "aws_eip",
                    "depends_on": [
                        "aws_instance.bastion"
                    ],
                    "primary": {
                        "id": "eipalloc-a655c599",
                        "attributes": {
                            "association_id": "eipassoc-d3b6adee",
                            "domain": "vpc",
                            "id": "eipalloc-a655c599",
                            "instance": "i-0185275aa4efe0d20",
                            "network_interface": "eni-c59b07c2",
                            "private_ip": "10.0.1.23",
                            "public_ip": "52.44.86.100",
                            "vpc": "true"
                        },
                        "meta": {},
                        "tainted": false
                    },
                    "deposed": [],
                    "provider": ""
                },
                "aws_eip.nat": {
                    "type": "aws_eip",
                    "depends_on": [],
                    "primary": {
                        "id": "eipalloc-d454c4eb",
                        "attributes": {
                            "association_id": "eipassoc-0abea537",
                            "domain": "vpc",
                            "id": "eipalloc-d454c4eb",
                            "instance": "",
                            "network_interface": "eni-4ded714a",
                            "private_ip": "10.0.1.194",
                            "public_ip": "52.44.87.59",
                            "vpc": "true"
                        },
                        "meta": {},
                        "tainted": false
                    },
                    "deposed": [],
                    "provider": ""
                },
                "aws_instance.bastion": {
                    "type": "aws_instance",
                    "depends_on": [
                        "aws_key_pair.gridlibrary",
                        "aws_security_group.bastion",
                        "aws_subnet.public"
                    ],
                    "primary": {
                        "id": "i-0185275aa4efe0d20",
                        "attributes": {
                            "ami": "ami-d90d92ce",
                            "availability_zone": "us-east-1b",
                            "disable_api_termination": "false",
                            "ebs_block_device.#": "0",
                            "ebs_optimized": "false",
                            "ephemeral_block_device.#": "0",
                            "iam_instance_profile": "",
                            "id": "i-0185275aa4efe0d20",
                            "instance_state": "running",
                            "instance_type": "t2.micro",
                            "key_name": "gridlibrary",
                            "monitoring": "false",
                            "network_interface_id": "eni-c59b07c2",
                            "private_dns": "ip-10-0-1-23.ec2.internal",
                            "private_ip": "10.0.1.23",
                            "public_dns": "",
                            "public_ip": "52.44.86.100",
                            "root_block_device.#": "1",
                            "root_block_device.0.delete_on_termination": "true",
                            "root_block_device.0.iops": "0",
                            "root_block_device.0.volume_size": "8",
                            "root_block_device.0.volume_type": "standard",
                            "security_groups.#": "0",
                            "source_dest_check": "true",
                            "subnet_id": "subnet-2e508367",
                            "tags.%": "0",
                            "tenancy": "default",
                            "vpc_security_group_ids.#": "1",
                            "vpc_security_group_ids.3803251204": "sg-22cc5b58"
                        },
                        "meta": {
                            "schema_version": "1"
                        },
                        "tainted": false
                    },
                    "deposed": [],
                    "provider": ""
                },
                "aws_instance.test": {
                    "type": "aws_instance",
                    "depends_on": [
                        "aws_key_pair.gridlibrary",
                        "aws_security_group.ping",
                        "aws_subnet.private"
                    ],
                    "primary": {
                        "id": "i-0e3ab075263f5d259",
                        "attributes": {
                            "ami": "ami-d90d92ce",
                            "availability_zone": "us-east-1b",
                            "disable_api_termination": "false",
                            "ebs_block_device.#": "0",
                            "ebs_optimized": "false",
                            "ephemeral_block_device.#": "0",
                            "iam_instance_profile": "",
                            "id": "i-0e3ab075263f5d259",
                            "instance_state": "running",
                            "instance_type": "t2.micro",
                            "key_name": "gridlibrary",
                            "monitoring": "false",
                            "network_interface_id": "eni-1a9a061d",
                            "private_dns": "ip-10-0-2-249.ec2.internal",
                            "private_ip": "10.0.2.249",
                            "public_dns": "",
                            "public_ip": "",
                            "root_block_device.#": "1",
                            "root_block_device.0.delete_on_termination": "true",
                            "root_block_device.0.iops": "0",
                            "root_block_device.0.volume_size": "8",
                            "root_block_device.0.volume_type": "standard",
                            "security_groups.#": "0",
                            "source_dest_check": "true",
                            "subnet_id": "subnet-21508368",
                            "tags.%": "0",
                            "tenancy": "default",
                            "vpc_security_group_ids.#": "1",
                            "vpc_security_group_ids.868301094": "sg-23cc5b59"
                        },
                        "meta": {
                            "schema_version": "1"
                        },
                        "tainted": false
                    },
                    "deposed": [],
                    "provider": ""
                },
                "aws_internet_gateway.default": {
                    "type": "aws_internet_gateway",
                    "depends_on": [
                        "aws_vpc.gridlibrary"
                    ],
                    "primary": {
                        "id": "igw-9b7a9dfc",
                        "attributes": {
                            "id": "igw-9b7a9dfc",
                            "tags.%": "0",
                            "vpc_id": "vpc-e9c3948e"
                        },
                        "meta": {},
                        "tainted": false
                    },
                    "deposed": [],
                    "provider": ""
                },
                "aws_key_pair.gridlibrary": {
                    "type": "aws_key_pair",
                    "depends_on": [],
                    "primary": {
                        "id": "gridlibrary",
                        "attributes": {
                            "fingerprint": "1e:8a:82:17:ab:7a:13:c2:52:81:92:c3:e1:ea:90:53",
                            "id": "gridlibrary",
                            "key_name": "gridlibrary",
                            "public_key": "ssh-rsa AAAAB3NzaC1yc2EAAAADAQABAAABAQCz0//v13ijXEQXdWu3VgZWdDUNuOFbIKKzMkZ7tYa1a7L9KaNJhSdxN04RYxXQM7X8tbY1LsnttoMa+Ars4BhEq7hTWZHqWo5EPYpIWdXH4t4OA+kdeOCpLQJU1HwU4526uqd0plV1IPfj5kC/qpydV3SipOjI6kiqcTZhQpmvR4vlJp+MwZcc73QRpwQHI1KNGPYUle1uc+fT/pa+YxxeS1lsqbHKXSu069Ovp5HPtTYONf64eYQYNEdH3/v7CWXtxQv3L8G4JqePdl1yL8chJsVhitW/R7pzaj0ZsDYOXc+pwBMW7rRSTeVMNijh4EIMd2YOBIsaGYZH1DPi4+XZ"
                        },
                        "meta": {
                            "schema_version": "1"
                        },
                        "tainted": false
                    },
                    "deposed": [],
                    "provider": ""
                },
                "aws_nat_gateway.nat": {
                    "type": "aws_nat_gateway",
                    "depends_on": [
                        "aws_eip.nat",
                        "aws_internet_gateway.default",
                        "aws_subnet.public"
                    ],
                    "primary": {
                        "id": "nat-096d02a05c6b68645",
                        "attributes": {
                            "allocation_id": "eipalloc-d454c4eb",
                            "id": "nat-096d02a05c6b68645",
                            "network_interface_id": "eni-4ded714a",
                            "private_ip": "10.0.1.194",
                            "public_ip": "52.44.87.59",
                            "subnet_id": "subnet-2e508367"
                        },
                        "meta": {},
                        "tainted": false
                    },
                    "deposed": [],
                    "provider": ""
                },
                "aws_route.internet_access": {
                    "type": "aws_route",
                    "depends_on": [
                        "aws_internet_gateway.default",
                        "aws_vpc.gridlibrary"
                    ],
                    "primary": {
                        "id": "r-rtb-b2d179d41080289494",
                        "attributes": {
                            "destination_cidr_block": "0.0.0.0/0",
                            "destination_prefix_list_id": "",
                            "gateway_id": "igw-9b7a9dfc",
                            "id": "r-rtb-b2d179d41080289494",
                            "instance_id": "",
                            "instance_owner_id": "",
                            "nat_gateway_id": "",
                            "network_interface_id": "",
                            "origin": "CreateRoute",
                            "route_table_id": "rtb-b2d179d4",
                            "state": "active",
                            "vpc_peering_connection_id": ""
                        },
                        "meta": {},
                        "tainted": false
                    },
                    "deposed": [],
                    "provider": ""
                },
                "aws_route_table.private": {
                    "type": "aws_route_table",
                    "depends_on": [
                        "aws_nat_gateway.nat",
                        "aws_vpc.gridlibrary"
                    ],
                    "primary": {
                        "id": "rtb-3bd27a5d",
                        "attributes": {
                            "id": "rtb-3bd27a5d",
                            "propagating_vgws.#": "0",
                            "route.#": "1",
                            "route.2847475649.cidr_block": "0.0.0.0/0",
                            "route.2847475649.gateway_id": "",
                            "route.2847475649.instance_id": "",
                            "route.2847475649.nat_gateway_id": "nat-096d02a05c6b68645",
                            "route.2847475649.network_interface_id": "",
                            "route.2847475649.vpc_peering_connection_id": "",
                            "tags.%": "0",
                            "vpc_id": "vpc-e9c3948e"
                        },
                        "meta": {},
                        "tainted": false
                    },
                    "deposed": [],
                    "provider": ""
                },
                "aws_security_group.bastion": {
                    "type": "aws_security_group",
                    "depends_on": [
                        "aws_vpc.gridlibrary"
                    ],
                    "primary": {
                        "id": "sg-22cc5b58",
                        "attributes": {
                            "description": "allow inbound ssh",
                            "egress.#": "1",
                            "egress.2541437006.cidr_blocks.#": "1",
                            "egress.2541437006.cidr_blocks.0": "0.0.0.0/0",
                            "egress.2541437006.from_port": "22",
                            "egress.2541437006.prefix_list_ids.#": "0",
                            "egress.2541437006.protocol": "tcp",
                            "egress.2541437006.security_groups.#": "0",
                            "egress.2541437006.self": "false",
                            "egress.2541437006.to_port": "22",
                            "id": "sg-22cc5b58",
                            "ingress.#": "1",
                            "ingress.2541437006.cidr_blocks.#": "1",
                            "ingress.2541437006.cidr_blocks.0": "0.0.0.0/0",
                            "ingress.2541437006.from_port": "22",
                            "ingress.2541437006.protocol": "tcp",
                            "ingress.2541437006.security_groups.#": "0",
                            "ingress.2541437006.self": "false",
                            "ingress.2541437006.to_port": "22",
                            "name": "bastion",
                            "owner_id": "010040950466",
                            "tags.%": "0",
                            "vpc_id": "vpc-e9c3948e"
                        },
                        "meta": {},
                        "tainted": false
                    },
                    "deposed": [],
                    "provider": ""
                },
                "aws_security_group.ping": {
                    "type": "aws_security_group",
                    "depends_on": [
                        "aws_vpc.gridlibrary"
                    ],
                    "primary": {
                        "id": "sg-23cc5b59",
                        "attributes": {
                            "description": "allow icmp packets receiving",
                            "egress.#": "0",
                            "id": "sg-23cc5b59",
                            "ingress.#": "2",
                            "ingress.2541437006.cidr_blocks.#": "1",
                            "ingress.2541437006.cidr_blocks.0": "0.0.0.0/0",
                            "ingress.2541437006.from_port": "22",
                            "ingress.2541437006.protocol": "tcp",
                            "ingress.2541437006.security_groups.#": "0",
                            "ingress.2541437006.self": "false",
                            "ingress.2541437006.to_port": "22",
                            "ingress.3068409405.cidr_blocks.#": "1",
                            "ingress.3068409405.cidr_blocks.0": "0.0.0.0/0",
                            "ingress.3068409405.from_port": "8",
                            "ingress.3068409405.protocol": "icmp",
                            "ingress.3068409405.security_groups.#": "0",
                            "ingress.3068409405.self": "false",
                            "ingress.3068409405.to_port": "0",
                            "name": "ping",
                            "owner_id": "010040950466",
                            "tags.%": "0",
                            "vpc_id": "vpc-e9c3948e"
                        },
                        "meta": {},
                        "tainted": false
                    },
                    "deposed": [],
                    "provider": ""
                },
                "aws_subnet.private": {
                    "type": "aws_subnet",
                    "depends_on": [
                        "aws_vpc.gridlibrary"
                    ],
                    "primary": {
                        "id": "subnet-21508368",
                        "attributes": {
                            "availability_zone": "us-east-1b",
                            "cidr_block": "10.0.2.0/24",
                            "id": "subnet-21508368",
                            "map_public_ip_on_launch": "false",
                            "tags.%": "0",
                            "vpc_id": "vpc-e9c3948e"
                        },
                        "meta": {},
                        "tainted": false
                    },
                    "deposed": [],
                    "provider": ""
                },
                "aws_subnet.public": {
                    "type": "aws_subnet",
                    "depends_on": [
                        "aws_vpc.gridlibrary"
                    ],
                    "primary": {
                        "id": "subnet-2e508367",
                        "attributes": {
                            "availability_zone": "us-east-1b",
                            "cidr_block": "10.0.1.0/24",
                            "id": "subnet-2e508367",
                            "map_public_ip_on_launch": "false",
                            "tags.%": "0",
                            "vpc_id": "vpc-e9c3948e"
                        },
                        "meta": {},
                        "tainted": false
                    },
                    "deposed": [],
                    "provider": ""
                },
                "aws_vpc.gridlibrary": {
                    "type": "aws_vpc",
                    "depends_on": [],
                    "primary": {
                        "id": "vpc-e9c3948e",
                        "attributes": {
                            "cidr_block": "10.0.0.0/16",
                            "default_network_acl_id": "acl-30808357",
                            "default_security_group_id": "sg-70c0570a",
                            "dhcp_options_id": "dopt-a9007fcd",
                            "enable_classiclink": "false",
                            "enable_dns_hostnames": "false",
                            "enable_dns_support": "true",
                            "id": "vpc-e9c3948e",
                            "instance_tenancy": "default",
                            "main_route_table_id": "rtb-b2d179d4",
                            "tags.%": "0"
                        },
                        "meta": {},
                        "tainted": false
                    },
                    "deposed": [],
                    "provider": ""
                }
            },
            "depends_on": []
        }
    ]
}
